{
  "name": "fizazi_store",
  "lockfileVersion": 3,
  "requires": true,
  "packages": {
    "": {
      "dependencies": {
        "@fancyapps/ui": "^5.0.36"
      }
    },
    "node_modules/@fancyapps/ui": {
      "version": "5.0.36",
      "resolved": "https://registry.npmjs.org/@fancyapps/ui/-/ui-5.0.36.tgz",
      "integrity": "sha512-GMygQzp1MBTFNTT6AzpbL6pXTD6bTxwjmmpI1fe8Ozmmiseu8/g82Sudl1YhcbZmS4bJgaBOF5THDFGpXQ1fDw==",
      "license": "SEE LICENSE IN LICENSE.md"
    }
  }
}
